{
  "name": "distinct-closure-fixture",
  "version": "1.0.0",
  "lockfileVersion": 3,
  "requires": true,
  "comment": "Hand-authored shape fixture (PLAN-160 A3 #3): two same-(name,version) debug@4.3.4 installs nested under distinct parents with DISTINCT resolved closures (debug->ms under pkg-a, debug->supports-color under pkg-b), the npm peer-conflict-nesting shape. No integrity is trusted by any assertion; digests are synthetic. No package manager was run.",
  "packages": {
    "": {
      "name": "distinct-closure-fixture",
      "version": "1.0.0",
      "dependencies": {
        "pkg-a": "^1.0.0",
        "pkg-b": "^1.0.0"
      }
    },
    "node_modules/pkg-a": {
      "version": "1.0.0",
      "resolved": "https://registry.npmjs.org/pkg-a/-/pkg-a-1.0.0.tgz",
      "integrity": "sha512-aaaaaaaaaaaaaaaaaaaaaaaaaaaaaaaaaaaaaaaaaaaaaaaaaaaaaaaaaaaaaaaaaaaaaaaaaaaaaaaaaaaaaaaa==",
      "dependencies": {
        "debug": "^4.3.4"
      }
    },
    "node_modules/pkg-a/node_modules/debug": {
      "version": "4.3.4",
      "resolved": "https://registry.npmjs.org/debug/-/debug-4.3.4.tgz",
      "integrity": "sha512-dddddddddddddddddddddddddddddddddddddddddddddddddddddddddddddddddddddddddddddddddddddddd==",
      "dependencies": {
        "ms": "^2.1.3"
      }
    },
    "node_modules/pkg-a/node_modules/ms": {
      "version": "2.1.3",
      "resolved": "https://registry.npmjs.org/ms/-/ms-2.1.3.tgz",
      "integrity": "sha512-mmmmmmmmmmmmmmmmmmmmmmmmmmmmmmmmmmmmmmmmmmmmmmmmmmmmmmmmmmmmmmmmmmmmmmmmmmmmmmmmmmmmmmmm=="
    },
    "node_modules/pkg-b": {
      "version": "1.0.0",
      "resolved": "https://registry.npmjs.org/pkg-b/-/pkg-b-1.0.0.tgz",
      "integrity": "sha512-bbbbbbbbbbbbbbbbbbbbbbbbbbbbbbbbbbbbbbbbbbbbbbbbbbbbbbbbbbbbbbbbbbbbbbbbbbbbbbbbbbbbbbbb==",
      "dependencies": {
        "debug": "^4.3.4"
      }
    },
    "node_modules/pkg-b/node_modules/debug": {
      "version": "4.3.4",
      "resolved": "https://registry.npmjs.org/debug/-/debug-4.3.4.tgz",
      "integrity": "sha512-dddddddddddddddddddddddddddddddddddddddddddddddddddddddddddddddddddddddddddddddddddddddd==",
      "dependencies": {
        "supports-color": "^9.0.0"
      }
    },
    "node_modules/pkg-b/node_modules/supports-color": {
      "version": "9.0.0",
      "resolved": "https://registry.npmjs.org/supports-color/-/supports-color-9.0.0.tgz",
      "integrity": "sha512-ssssssssssssssssssssssssssssssssssssssssssssssssssssssssssssssssssssssssssssssssssssssss=="
    }
  }
}
