# THIS IS AN AUTOGENERATED FILE. DO NOT EDIT THIS FILE DIRECTLY.
# yarn lockfile v1


host-lib@1.0.0:
  version "1.0.0"
  resolved "https://registry.yarnpkg.com/host-lib/-/host-lib-1.0.0.tgz#0000000000000000000000000000000000000001"

widget@1.0.0:
  version "1.0.0"
  resolved "https://registry.yarnpkg.com/widget/-/widget-1.0.0.tgz#0000000000000000000000000000000000000002"
