{
  "name": "f10-npm-alias",
  "version": "1.0.0",
  "lockfileVersion": 3,
  "requires": true,
  "packages": {
    "": {
      "name": "f10-npm-alias",
      "version": "1.0.0",
      "dependencies": {
        "good-alias": "npm:ms@2.0.0",
        "ghost-alias": "npm:absent-pkg@9.9.9"
      }
    },
    "node_modules/good-alias": {
      "name": "ms",
      "version": "2.0.0",
      "resolved": "https://registry.npmjs.org/ms/-/ms-2.0.0.tgz",
      "integrity": "sha512-Tpp60P6IUJDTuOq/5Z8cdskzJujfwqfOTkrwIwj7IRISpnkJnT6SyJ4PCPnGMoFjC9ddhal5KVIYtAt97ix05A=="
    }
  }
}
