{
  "name": "pr-project",
  "version": "1.0.0",
  "lockfileVersion": 3,
  "requires": true,
  "packages": {
    "": {
      "name": "pr-project",
      "version": "1.0.0",
      "dependencies": {
        "alpha": "1.0.0"
      }
    },
    "node_modules/alpha": {
      "version": "1.0.0",
      "resolved": "https://registry.npmjs.org/alpha/-/alpha-1.0.0.tgz",
      "integrity": "sha512-a1a1a1a1a1a1a1a1a1a1a1a1a1a1a1a1a1a1a1a1a1a1a1a1a1a1a1a1a1a1a1a1a1a1a1a1a1a1a1a1a1a1a1a1a1a1a1=="
    }
  }
}
