{
  "name": "f12-npm-file",
  "version": "1.0.0",
  "lockfileVersion": 3,
  "requires": true,
  "packages": {
    "": {
      "name": "f12-npm-file",
      "version": "1.0.0",
      "dependencies": {
        "locallib": "file:./locallib"
      }
    },
    "node_modules/locallib": {
      "resolved": "locallib",
      "link": true
    },
    "locallib": {
      "name": "locallib",
      "version": "1.0.0"
    }
  }
}
