{
  "name": "f5-npm-shared",
  "version": "1.0.0",
  "lockfileVersion": 3,
  "requires": true,
  "packages": {
    "": {
      "name": "f5-npm-shared",
      "version": "1.0.0",
      "dependencies": {
        "pkg-a": "1.0.0",
        "pkg-b": "1.0.0"
      }
    },
    "node_modules/pkg-a": {
      "version": "1.0.0",
      "resolved": "https://registry.npmjs.org/pkg-a/-/pkg-a-1.0.0.tgz",
      "dependencies": {
        "shared-lib": "2.0.0"
      }
    },
    "node_modules/pkg-b": {
      "version": "1.0.0",
      "resolved": "https://registry.npmjs.org/pkg-b/-/pkg-b-1.0.0.tgz",
      "dependencies": {
        "shared-lib": "2.0.0"
      }
    },
    "node_modules/shared-lib": {
      "version": "2.0.0",
      "resolved": "https://registry.npmjs.org/shared-lib/-/shared-lib-2.0.0.tgz"
    }
  }
}
