{
  "name": "f11-npm-git",
  "version": "1.0.0",
  "lockfileVersion": 3,
  "requires": true,
  "packages": {
    "": {
      "name": "f11-npm-git",
      "version": "1.0.0",
      "dependencies": {
        "widget": "git+https://github.com/acme/widget.git#1111111111111111111111111111111111111111",
        "gadget": "git+https://github.com/acme/gadget.git#main"
      }
    },
    "node_modules/widget": {
      "version": "1.0.0",
      "resolved": "git+https://github.com/acme/widget.git#1111111111111111111111111111111111111111"
    },
    "node_modules/gadget": {
      "version": "2.0.0",
      "resolved": "git+https://github.com/acme/gadget.git#main"
    }
  }
}
