{
  "name": "same-version-two-parents",
  "version": "1.0.0",
  "lockfileVersion": 3,
  "requires": true,
  "packages": {
    "": {
      "name": "same-version-two-parents",
      "version": "1.0.0",
      "dependencies": {
        "pkg-a": "1.0.0",
        "pkg-b": "1.0.0"
      }
    },
    "node_modules/pkg-a": {
      "version": "1.0.0",
      "resolved": "https://registry.npmjs.org/pkg-a/-/pkg-a-1.0.0.tgz",
      "integrity": "sha512-aaaaaaaaaaaaaaaaaaaaaaaaaaaaaaaaaaaaaaaaaaaaaaaaaaaaaaaaaaaaaaaaaaaaaaaaaaaaaaaaaaaaaaaaaaaaaa==",
      "dependencies": {
        "shared": "1.0.0"
      }
    },
    "node_modules/pkg-b": {
      "version": "1.0.0",
      "resolved": "https://registry.npmjs.org/pkg-b/-/pkg-b-1.0.0.tgz",
      "integrity": "sha512-bbbbbbbbbbbbbbbbbbbbbbbbbbbbbbbbbbbbbbbbbbbbbbbbbbbbbbbbbbbbbbbbbbbbbbbbbbbbbbbbbbbbbbbbbbbbbb==",
      "dependencies": {
        "shared": "1.0.0"
      }
    },
    "node_modules/shared": {
      "version": "1.0.0",
      "resolved": "https://registry.npmjs.org/shared/-/shared-1.0.0.tgz",
      "integrity": "sha512-s1s1s1s1s1s1s1s1s1s1s1s1s1s1s1s1s1s1s1s1s1s1s1s1s1s1s1s1s1s1s1s1s1s1s1s1s1s1s1s1s1s1s1s1s1s1s1==="
    }
  }
}
